
Microsoft Visual Studio Solution File, Format Version 12.00
# Visual Studio 15
VisualStudioVersion = 15.0.27428.2043
MinimumVisualStudioVersion = 10.0.40219.1
Project("{FAE04EC0-301F-11D3-BF4B-00C04F79EFBC}") = "CrmApi", "CrmApi\CrmApi.csproj", "{6921F468-533F-49DE-A056-BECCA7B816AD}"
EndProject
Project("{FAE04EC0-301F-11D3-BF4B-00C04F79EFBC}") = "CrmApi.Tests", "CrmApi.Tests\CrmApi.Tests.csproj", "{702E9FD5-36A4-4D35-86AE-711469A4A6E6}"
EndProject
Project("{2150E333-8FDC-42A3-9474-1A3956D46DE8}") = "Application", "Application", "{A39D3BC8-0C97-41F1-AEE0-9A74244D214E}"
EndProject
Project("{2150E333-8FDC-42A3-9474-1A3956D46DE8}") = "Test", "Test", "{F9712E41-D768-405D-A307-98A4A518A790}"
EndProject
Project("{2150E333-8FDC-42A3-9474-1A3956D46DE8}") = "Domain", "Domain", "{9DA5357B-E707-4DEB-9BF1-1193D11110D8}"
EndProject
Project("{2150E333-8FDC-42A3-9474-1A3956D46DE8}") = "Infrastructure", "Infrastructure", "{2A64F15D-00D5-4626-90A4-183BFE0B20FA}"
EndProject
Project("{2150E333-8FDC-42A3-9474-1A3956D46DE8}") = "Common", "Common", "{382AEA30-AEE8-4172-B075-DFD83ECEA44A}"
EndProject
Project("{FAE04EC0-301F-11D3-BF4B-00C04F79EFBC}") = "Crm.Dtos", "Crm.Dtos\Crm.Dtos.csproj", "{A505AAAE-9239-4B7E-96F9-0CC98EC0F4B0}"
EndProject
Project("{FAE04EC0-301F-11D3-BF4B-00C04F79EFBC}") = "CrmApi.Facades", "CrmApi.Facades\CrmApi.Facades.csproj", "{66F2BC19-D827-4639-9198-B237D4B2204B}"
EndProject
Project("{FAE04EC0-301F-11D3-BF4B-00C04F79EFBC}") = "CrmApi.Facades.Interfaces", "CrmApi.Facades.Interfaces\CrmApi.Facades.Interfaces.csproj", "{454947DD-0FE0-40D4-8797-36126307E89B}"
EndProject
Project("{FAE04EC0-301F-11D3-BF4B-00C04F79EFBC}") = "Crm.Common", "Crm.Common\Crm.Common.csproj", "{2987A9DC-1818-4228-8570-EDDFC3055952}"
EndProject
Project("{FAE04EC0-301F-11D3-BF4B-00C04F79EFBC}") = "Crm.Common.Interfaces", "Crm.Common.Interfaces\Crm.Common.Interfaces.csproj", "{2FB41077-6220-4497-BF7F-21F9554F3637}"
EndProject
Project("{FAE04EC0-301F-11D3-BF4B-00C04F79EFBC}") = "Crm.Entities", "Crm.Entities\Crm.Entities.csproj", "{F58991A6-298E-43D4-AE08-CC9FD8EE1DBB}"
EndProject
Project("{FAE04EC0-301F-11D3-BF4B-00C04F79EFBC}") = "Crm.Entities.Interfaces", "Crm.Entities.Interfaces\Crm.Entities.Interfaces.csproj", "{C6C2724A-BAFA-4854-9034-52E145053D7D}"
EndProject
Project("{FAE04EC0-301F-11D3-BF4B-00C04F79EFBC}") = "Crm.Services", "Crm.Services\Crm.Services.csproj", "{FB8DD699-215E-465A-BB5A-CBE0A93C2829}"
EndProject
Project("{FAE04EC0-301F-11D3-BF4B-00C04F79EFBC}") = "Crm.Services.Interfaces", "Crm.Services.Interfaces\Crm.Services.Interfaces.csproj", "{5F24A678-1411-4A53-9AAB-E00E282942DE}"
EndProject
Project("{FAE04EC0-301F-11D3-BF4B-00C04F79EFBC}") = "Crm.Infra.Database", "Crm.Infra.Database\Crm.Infra.Database.csproj", "{FD8B2520-CBC4-44B7-ACBF-514F215EFB87}"
EndProject
Project("{FAE04EC0-301F-11D3-BF4B-00C04F79EFBC}") = "Crm.Infra.Models", "Crm.Infra.Models\Crm.Infra.Models.csproj", "{D9EA264A-75E0-49B8-BF39-26B95463F906}"
EndProject
Project("{FAE04EC0-301F-11D3-BF4B-00C04F79EFBC}") = "Crm.Infra.Repositories", "Crm.Infra.Repositories\Crm.Infra.Repositories.csproj", "{1E0DFDE9-0A79-4CDC-8CE0-9EB0E1E1ABA0}"
EndProject
Project("{FAE04EC0-301F-11D3-BF4B-00C04F79EFBC}") = "Crm.Infra.Repositories.Interfaces", "Crm.Infra.Repositories.Interfaces\Crm.Infra.Repositories.Interfaces.csproj", "{5406BAC4-2401-4116-AA8D-35304923C4AA}"
EndProject
Global
	GlobalSection(SolutionConfigurationPlatforms) = preSolution
		Debug|Any CPU = Debug|Any CPU
		Release|Any CPU = Release|Any CPU
	EndGlobalSection
	GlobalSection(ProjectConfigurationPlatforms) = postSolution
		{6921F468-533F-49DE-A056-BECCA7B816AD}.Debug|Any CPU.ActiveCfg = Debug|Any CPU
		{6921F468-533F-49DE-A056-BECCA7B816AD}.Debug|Any CPU.Build.0 = Debug|Any CPU
		{6921F468-533F-49DE-A056-BECCA7B816AD}.Release|Any CPU.ActiveCfg = Release|Any CPU
		{6921F468-533F-49DE-A056-BECCA7B816AD}.Release|Any CPU.Build.0 = Release|Any CPU
		{702E9FD5-36A4-4D35-86AE-711469A4A6E6}.Debug|Any CPU.ActiveCfg = Debug|Any CPU
		{702E9FD5-36A4-4D35-86AE-711469A4A6E6}.Debug|Any CPU.Build.0 = Debug|Any CPU
		{702E9FD5-36A4-4D35-86AE-711469A4A6E6}.Release|Any CPU.ActiveCfg = Release|Any CPU
		{702E9FD5-36A4-4D35-86AE-711469A4A6E6}.Release|Any CPU.Build.0 = Release|Any CPU
		{A505AAAE-9239-4B7E-96F9-0CC98EC0F4B0}.Debug|Any CPU.ActiveCfg = Debug|Any CPU
		{A505AAAE-9239-4B7E-96F9-0CC98EC0F4B0}.Debug|Any CPU.Build.0 = Debug|Any CPU
		{A505AAAE-9239-4B7E-96F9-0CC98EC0F4B0}.Release|Any CPU.ActiveCfg = Release|Any CPU
		{A505AAAE-9239-4B7E-96F9-0CC98EC0F4B0}.Release|Any CPU.Build.0 = Release|Any CPU
		{66F2BC19-D827-4639-9198-B237D4B2204B}.Debug|Any CPU.ActiveCfg = Debug|Any CPU
		{66F2BC19-D827-4639-9198-B237D4B2204B}.Debug|Any CPU.Build.0 = Debug|Any CPU
		{66F2BC19-D827-4639-9198-B237D4B2204B}.Release|Any CPU.ActiveCfg = Release|Any CPU
		{66F2BC19-D827-4639-9198-B237D4B2204B}.Release|Any CPU.Build.0 = Release|Any CPU
		{454947DD-0FE0-40D4-8797-36126307E89B}.Debug|Any CPU.ActiveCfg = Debug|Any CPU
		{454947DD-0FE0-40D4-8797-36126307E89B}.Debug|Any CPU.Build.0 = Debug|Any CPU
		{454947DD-0FE0-40D4-8797-36126307E89B}.Release|Any CPU.ActiveCfg = Release|Any CPU
		{454947DD-0FE0-40D4-8797-36126307E89B}.Release|Any CPU.Build.0 = Release|Any CPU
		{2987A9DC-1818-4228-8570-EDDFC3055952}.Debug|Any CPU.ActiveCfg = Debug|Any CPU
		{2987A9DC-1818-4228-8570-EDDFC3055952}.Debug|Any CPU.Build.0 = Debug|Any CPU
		{2987A9DC-1818-4228-8570-EDDFC3055952}.Release|Any CPU.ActiveCfg = Release|Any CPU
		{2987A9DC-1818-4228-8570-EDDFC3055952}.Release|Any CPU.Build.0 = Release|Any CPU
		{2FB41077-6220-4497-BF7F-21F9554F3637}.Debug|Any CPU.ActiveCfg = Debug|Any CPU
		{2FB41077-6220-4497-BF7F-21F9554F3637}.Debug|Any CPU.Build.0 = Debug|Any CPU
		{2FB41077-6220-4497-BF7F-21F9554F3637}.Release|Any CPU.ActiveCfg = Release|Any CPU
		{2FB41077-6220-4497-BF7F-21F9554F3637}.Release|Any CPU.Build.0 = Release|Any CPU
		{F58991A6-298E-43D4-AE08-CC9FD8EE1DBB}.Debug|Any CPU.ActiveCfg = Debug|Any CPU
		{F58991A6-298E-43D4-AE08-CC9FD8EE1DBB}.Debug|Any CPU.Build.0 = Debug|Any CPU
		{F58991A6-298E-43D4-AE08-CC9FD8EE1DBB}.Release|Any CPU.ActiveCfg = Release|Any CPU
		{F58991A6-298E-43D4-AE08-CC9FD8EE1DBB}.Release|Any CPU.Build.0 = Release|Any CPU
		{C6C2724A-BAFA-4854-9034-52E145053D7D}.Debug|Any CPU.ActiveCfg = Debug|Any CPU
		{C6C2724A-BAFA-4854-9034-52E145053D7D}.Debug|Any CPU.Build.0 = Debug|Any CPU
		{C6C2724A-BAFA-4854-9034-52E145053D7D}.Release|Any CPU.ActiveCfg = Release|Any CPU
		{C6C2724A-BAFA-4854-9034-52E145053D7D}.Release|Any CPU.Build.0 = Release|Any CPU
		{FB8DD699-215E-465A-BB5A-CBE0A93C2829}.Debug|Any CPU.ActiveCfg = Debug|Any CPU
		{FB8DD699-215E-465A-BB5A-CBE0A93C2829}.Debug|Any CPU.Build.0 = Debug|Any CPU
		{FB8DD699-215E-465A-BB5A-CBE0A93C2829}.Release|Any CPU.ActiveCfg = Release|Any CPU
		{FB8DD699-215E-465A-BB5A-CBE0A93C2829}.Release|Any CPU.Build.0 = Release|Any CPU
		{5F24A678-1411-4A53-9AAB-E00E282942DE}.Debug|Any CPU.ActiveCfg = Debug|Any CPU
		{5F24A678-1411-4A53-9AAB-E00E282942DE}.Debug|Any CPU.Build.0 = Debug|Any CPU
		{5F24A678-1411-4A53-9AAB-E00E282942DE}.Release|Any CPU.ActiveCfg = Release|Any CPU
		{5F24A678-1411-4A53-9AAB-E00E282942DE}.Release|Any CPU.Build.0 = Release|Any CPU
		{FD8B2520-CBC4-44B7-ACBF-514F215EFB87}.Debug|Any CPU.ActiveCfg = Debug|Any CPU
		{FD8B2520-CBC4-44B7-ACBF-514F215EFB87}.Debug|Any CPU.Build.0 = Debug|Any CPU
		{FD8B2520-CBC4-44B7-ACBF-514F215EFB87}.Release|Any CPU.ActiveCfg = Release|Any CPU
		{FD8B2520-CBC4-44B7-ACBF-514F215EFB87}.Release|Any CPU.Build.0 = Release|Any CPU
		{D9EA264A-75E0-49B8-BF39-26B95463F906}.Debug|Any CPU.ActiveCfg = Debug|Any CPU
		{D9EA264A-75E0-49B8-BF39-26B95463F906}.Debug|Any CPU.Build.0 = Debug|Any CPU
		{D9EA264A-75E0-49B8-BF39-26B95463F906}.Release|Any CPU.ActiveCfg = Release|Any CPU
		{D9EA264A-75E0-49B8-BF39-26B95463F906}.Release|Any CPU.Build.0 = Release|Any CPU
		{1E0DFDE9-0A79-4CDC-8CE0-9EB0E1E1ABA0}.Debug|Any CPU.ActiveCfg = Debug|Any CPU
		{1E0DFDE9-0A79-4CDC-8CE0-9EB0E1E1ABA0}.Debug|Any CPU.Build.0 = Debug|Any CPU
		{1E0DFDE9-0A79-4CDC-8CE0-9EB0E1E1ABA0}.Release|Any CPU.ActiveCfg = Release|Any CPU
		{1E0DFDE9-0A79-4CDC-8CE0-9EB0E1E1ABA0}.Release|Any CPU.Build.0 = Release|Any CPU
		{5406BAC4-2401-4116-AA8D-35304923C4AA}.Debug|Any CPU.ActiveCfg = Debug|Any CPU
		{5406BAC4-2401-4116-AA8D-35304923C4AA}.Debug|Any CPU.Build.0 = Debug|Any CPU
		{5406BAC4-2401-4116-AA8D-35304923C4AA}.Release|Any CPU.ActiveCfg = Release|Any CPU
		{5406BAC4-2401-4116-AA8D-35304923C4AA}.Release|Any CPU.Build.0 = Release|Any CPU
	EndGlobalSection
	GlobalSection(SolutionProperties) = preSolution
		HideSolutionNode = FALSE
	EndGlobalSection
	GlobalSection(NestedProjects) = preSolution
		{6921F468-533F-49DE-A056-BECCA7B816AD} = {A39D3BC8-0C97-41F1-AEE0-9A74244D214E}
		{702E9FD5-36A4-4D35-86AE-711469A4A6E6} = {F9712E41-D768-405D-A307-98A4A518A790}
		{A505AAAE-9239-4B7E-96F9-0CC98EC0F4B0} = {A39D3BC8-0C97-41F1-AEE0-9A74244D214E}
		{66F2BC19-D827-4639-9198-B237D4B2204B} = {A39D3BC8-0C97-41F1-AEE0-9A74244D214E}
		{454947DD-0FE0-40D4-8797-36126307E89B} = {A39D3BC8-0C97-41F1-AEE0-9A74244D214E}
		{2987A9DC-1818-4228-8570-EDDFC3055952} = {382AEA30-AEE8-4172-B075-DFD83ECEA44A}
		{2FB41077-6220-4497-BF7F-21F9554F3637} = {382AEA30-AEE8-4172-B075-DFD83ECEA44A}
		{F58991A6-298E-43D4-AE08-CC9FD8EE1DBB} = {9DA5357B-E707-4DEB-9BF1-1193D11110D8}
		{C6C2724A-BAFA-4854-9034-52E145053D7D} = {9DA5357B-E707-4DEB-9BF1-1193D11110D8}
		{FB8DD699-215E-465A-BB5A-CBE0A93C2829} = {9DA5357B-E707-4DEB-9BF1-1193D11110D8}
		{5F24A678-1411-4A53-9AAB-E00E282942DE} = {9DA5357B-E707-4DEB-9BF1-1193D11110D8}
		{FD8B2520-CBC4-44B7-ACBF-514F215EFB87} = {2A64F15D-00D5-4626-90A4-183BFE0B20FA}
		{D9EA264A-75E0-49B8-BF39-26B95463F906} = {2A64F15D-00D5-4626-90A4-183BFE0B20FA}
		{1E0DFDE9-0A79-4CDC-8CE0-9EB0E1E1ABA0} = {2A64F15D-00D5-4626-90A4-183BFE0B20FA}
		{5406BAC4-2401-4116-AA8D-35304923C4AA} = {2A64F15D-00D5-4626-90A4-183BFE0B20FA}
	EndGlobalSection
	GlobalSection(ExtensibilityGlobals) = postSolution
		SolutionGuid = {4431C8FC-62EC-4D5D-A093-371C2D4AF764}
	EndGlobalSection
EndGlobal
